PODS:
  - Alamofire (4.7.2)
  - IQKeyboardManagerSwift (6.0.1)
  - KeychainSwift (8.0.3)
  - SDWebImage (3.8.2):
    - SDWebImage/Core (= 3.8.2)
  - SDWebImage/Core (3.8.2)

DEPENDENCIES:
  - Alamofire (~> 4.4)
  - IQKeyboardManagerSwift (= 6.0.1)
  - KeychainSwift (~> 8.0)
  - SDWebImage (~> 3.8)

SPEC REPOS:
  https://github.com/CocoaPods/Specs.git:
    - Alamofire
    - IQKeyboardManagerSwift
    - KeychainSwift
    - SDWebImage

SPEC CHECKSUMS:
  Alamofire: e4fa87002c137ba2d8d634d2c51fabcda0d5c223
  IQKeyboardManagerSwift: 748d06e0f8134fc28934031e6377da3cf3d4f38c
  KeychainSwift: be9554c0e5f4b1686c775930dc5c6bd9396992ed
  SDWebImage: 098e97e6176540799c27e804c96653ee0833d13c

PODFILE CHECKSUM: c2ae166d9dcaa60b8f4fc98d94632832256eab4f

COCOAPODS: 1.5.0
