// !$*UTF8*$!
{
	archiveVersion = 1;
	classes = {
	};
	objectVersion = 50;
	objects = {

/* Begin PBXBuildFile section */
		160F3161209B68B70097DA53 /* Animation.swift in Sources */ = {isa = PBXBuildFile; fileRef = 160F3160209B68B70097DA53 /* Animation.swift */; };
		160F3167209B71AC0097DA53 /* RequestServer.swift in Sources */ = {isa = PBXBuildFile; fileRef = 160F3166209B71AC0097DA53 /* RequestServer.swift */; };
		160F3169209B72260097DA53 /* MyResourcesNetwork.swift in Sources */ = {isa = PBXBuildFile; fileRef = 160F3168209B72260097DA53 /* MyResourcesNetwork.swift */; };
		160F316C209B73BE0097DA53 /* MyResourcesService.swift in Sources */ = {isa = PBXBuildFile; fileRef = 160F316B209B73BE0097DA53 /* MyResourcesService.swift */; };
		160F316F209B74530097DA53 /* GeniusResource.swift in Sources */ = {isa = PBXBuildFile; fileRef = 160F316E209B74530097DA53 /* GeniusResource.swift */; };
		160F3171209B9FA80097DA53 /* CoCreationView.swift in Sources */ = {isa = PBXBuildFile; fileRef = 160F3170209B9FA80097DA53 /* CoCreationView.swift */; };
		160F3173209CDBE90097DA53 /* GeniusResourceDetail.swift in Sources */ = {isa = PBXBuildFile; fileRef = 160F3172209CDBE90097DA53 /* GeniusResourceDetail.swift */; };
		164E586B209B4E15006757A5 /* AppDelegate.swift in Sources */ = {isa = PBXBuildFile; fileRef = 164E586A209B4E15006757A5 /* AppDelegate.swift */; };
		164E586D209B4E15006757A5 /* MainTabBarController.swift in Sources */ = {isa = PBXBuildFile; fileRef = 164E586C209B4E15006757A5 /* MainTabBarController.swift */; };
		164E5870209B4E15006757A5 /* Main.storyboard in Resources */ = {isa = PBXBuildFile; fileRef = 164E586E209B4E15006757A5 /* Main.storyboard */; };
		164E5872209B4E16006757A5 /* Assets.xcassets in Resources */ = {isa = PBXBuildFile; fileRef = 164E5871209B4E16006757A5 /* Assets.xcassets */; };
		164E5875209B4E16006757A5 /* LaunchScreen.storyboard in Resources */ = {isa = PBXBuildFile; fileRef = 164E5873209B4E16006757A5 /* LaunchScreen.storyboard */; };
		164E5880209B4E16006757A5 /* VideoCoCreationTests.swift in Sources */ = {isa = PBXBuildFile; fileRef = 164E587F209B4E16006757A5 /* VideoCoCreationTests.swift */; };
		164E588B209B4E16006757A5 /* VideoCoCreationUITests.swift in Sources */ = {isa = PBXBuildFile; fileRef = 164E588A209B4E16006757A5 /* VideoCoCreationUITests.swift */; };
		164E5899209B5291006757A5 /* CreateVideoViewController.swift in Sources */ = {isa = PBXBuildFile; fileRef = 164E5898209B5291006757A5 /* CreateVideoViewController.swift */; };
		164E589B209B52A0006757A5 /* MyVideosViewController.swift in Sources */ = {isa = PBXBuildFile; fileRef = 164E589A209B52A0006757A5 /* MyVideosViewController.swift */; };
		164E589D209B59A8006757A5 /* MyVideosTableViewCell.swift in Sources */ = {isa = PBXBuildFile; fileRef = 164E589C209B59A8006757A5 /* MyVideosTableViewCell.swift */; };
		164E589F209B5D11006757A5 /* LoginScreenViewController.swift in Sources */ = {isa = PBXBuildFile; fileRef = 164E589E209B5D11006757A5 /* LoginScreenViewController.swift */; };
		164E58A1209B6300006757A5 /* LoginNetwork.swift in Sources */ = {isa = PBXBuildFile; fileRef = 164E58A0209B6300006757A5 /* LoginNetwork.swift */; };
		164E58A3209B63AD006757A5 /* GlobalValues.swift in Sources */ = {isa = PBXBuildFile; fileRef = 164E58A2209B63AD006757A5 /* GlobalValues.swift */; };
		16E556DE9CF01B9CCFD38D72 /* Pods_VideoCoCreation.framework in Frameworks */ = {isa = PBXBuildFile; fileRef = 7BF31E548DD729FABBA349DC /* Pods_VideoCoCreation.framework */; };
		1B27B8C4119B89DDB0A9E5EB /* Pods_VideoCoCreationUITests.framework in Frameworks */ = {isa = PBXBuildFile; fileRef = 4A39CAE3DDE3B75FFA1732C5 /* Pods_VideoCoCreationUITests.framework */; };
		AEAAADBA475DD2D44177F15A /* Pods_VideoCoCreationTests.framework in Frameworks */ = {isa = PBXBuildFile; fileRef = F2674F5EDCBBC463F66AC0BE /* Pods_VideoCoCreationTests.framework */; };
/* End PBXBuildFile section */

/* Begin PBXContainerItemProxy section */
		164E587C209B4E16006757A5 /* PBXContainerItemProxy */ = {
			isa = PBXContainerItemProxy;
			containerPortal = 164E585F209B4E15006757A5 /* Project object */;
			proxyType = 1;
			remoteGlobalIDString = 164E5866209B4E15006757A5;
			remoteInfo = VideoCoCreation;
		};
		164E5887209B4E16006757A5 /* PBXContainerItemProxy */ = {
			isa = PBXContainerItemProxy;
			containerPortal = 164E585F209B4E15006757A5 /* Project object */;
			proxyType = 1;
			remoteGlobalIDString = 164E5866209B4E15006757A5;
			remoteInfo = VideoCoCreation;
		};
/* End PBXContainerItemProxy section */

/* Begin PBXFileReference section */
		008C300FB294426D2AECEA0E /* Pods-VideoCoCreationUITests.release.xcconfig */ = {isa = PBXFileReference; includeInIndex = 1; lastKnownFileType = text.xcconfig; name = "Pods-VideoCoCreationUITests.release.xcconfig"; path = "Pods/Target Support Files/Pods-VideoCoCreationUITests/Pods-VideoCoCreationUITests.release.xcconfig"; sourceTree = "<group>"; };
		160F3160209B68B70097DA53 /* Animation.swift */ = {isa = PBXFileReference; lastKnownFileType = sourcecode.swift; path = Animation.swift; sourceTree = "<group>"; };
		160F3166209B71AC0097DA53 /* RequestServer.swift */ = {isa = PBXFileReference; lastKnownFileType = sourcecode.swift; path = RequestServer.swift; sourceTree = "<group>"; };
		160F3168209B72260097DA53 /* MyResourcesNetwork.swift */ = {isa = PBXFileReference; lastKnownFileType = sourcecode.swift; path = MyResourcesNetwork.swift; sourceTree = "<group>"; };
		160F316B209B73BE0097DA53 /* MyResourcesService.swift */ = {isa = PBXFileReference; lastKnownFileType = sourcecode.swift; path = MyResourcesService.swift; sourceTree = "<group>"; };
		160F316E209B74530097DA53 /* GeniusResource.swift */ = {isa = PBXFileReference; lastKnownFileType = sourcecode.swift; path = GeniusResource.swift; sourceTree = "<group>"; };
		160F3170209B9FA80097DA53 /* CoCreationView.swift */ = {isa = PBXFileReference; lastKnownFileType = sourcecode.swift; path = CoCreationView.swift; sourceTree = "<group>"; };
		160F3172209CDBE90097DA53 /* GeniusResourceDetail.swift */ = {isa = PBXFileReference; lastKnownFileType = sourcecode.swift; path = GeniusResourceDetail.swift; sourceTree = "<group>"; };
		164E5867209B4E15006757A5 /* VideoCoCreation.app */ = {isa = PBXFileReference; explicitFileType = wrapper.application; includeInIndex = 0; path = VideoCoCreation.app; sourceTree = BUILT_PRODUCTS_DIR; };
		164E586A209B4E15006757A5 /* AppDelegate.swift */ = {isa = PBXFileReference; lastKnownFileType = sourcecode.swift; path = AppDelegate.swift; sourceTree = "<group>"; };
		164E586C209B4E15006757A5 /* MainTabBarController.swift */ = {isa = PBXFileReference; lastKnownFileType = sourcecode.swift; path = MainTabBarController.swift; sourceTree = "<group>"; };
		164E586F209B4E15006757A5 /* Base */ = {isa = PBXFileReference; lastKnownFileType = file.storyboard; name = Base; path = Base.lproj/Main.storyboard; sourceTree = "<group>"; };
		164E5871209B4E16006757A5 /* Assets.xcassets */ = {isa = PBXFileReference; lastKnownFileType = folder.assetcatalog; path = Assets.xcassets; sourceTree = "<group>"; };
		164E5874209B4E16006757A5 /* Base */ = {isa = PBXFileReference; lastKnownFileType = file.storyboard; name = Base; path = Base.lproj/LaunchScreen.storyboard; sourceTree = "<group>"; };
		164E5876209B4E16006757A5 /* Info.plist */ = {isa = PBXFileReference; lastKnownFileType = text.plist.xml; path = Info.plist; sourceTree = "<group>"; };
		164E587B209B4E16006757A5 /* VideoCoCreationTests.xctest */ = {isa = PBXFileReference; explicitFileType = wrapper.cfbundle; includeInIndex = 0; path = VideoCoCreationTests.xctest; sourceTree = BUILT_PRODUCTS_DIR; };
		164E587F209B4E16006757A5 /* VideoCoCreationTests.swift */ = {isa = PBXFileReference; lastKnownFileType = sourcecode.swift; path = VideoCoCreationTests.swift; sourceTree = "<group>"; };
		164E5881209B4E16006757A5 /* Info.plist */ = {isa = PBXFileReference; lastKnownFileType = text.plist.xml; path = Info.plist; sourceTree = "<group>"; };
		164E5886209B4E16006757A5 /* VideoCoCreationUITests.xctest */ = {isa = PBXFileReference; explicitFileType = wrapper.cfbundle; includeInIndex = 0; path = VideoCoCreationUITests.xctest; sourceTree = BUILT_PRODUCTS_DIR; };
		164E588A209B4E16006757A5 /* VideoCoCreationUITests.swift */ = {isa = PBXFileReference; lastKnownFileType = sourcecode.swift; path = VideoCoCreationUITests.swift; sourceTree = "<group>"; };
		164E588C209B4E16006757A5 /* Info.plist */ = {isa = PBXFileReference; lastKnownFileType = text.plist.xml; path = Info.plist; sourceTree = "<group>"; };
		164E5898209B5291006757A5 /* CreateVideoViewController.swift */ = {isa = PBXFileReference; lastKnownFileType = sourcecode.swift; path = CreateVideoViewController.swift; sourceTree = "<group>"; };
		164E589A209B52A0006757A5 /* MyVideosViewController.swift */ = {isa = PBXFileReference; lastKnownFileType = sourcecode.swift; path = MyVideosViewController.swift; sourceTree = "<group>"; };
		164E589C209B59A8006757A5 /* MyVideosTableViewCell.swift */ = {isa = PBXFileReference; lastKnownFileType = sourcecode.swift; path = MyVideosTableViewCell.swift; sourceTree = "<group>"; };
		164E589E209B5D11006757A5 /* LoginScreenViewController.swift */ = {isa = PBXFileReference; lastKnownFileType = sourcecode.swift; path = LoginScreenViewController.swift; sourceTree = "<group>"; };
		164E58A0209B6300006757A5 /* LoginNetwork.swift */ = {isa = PBXFileReference; lastKnownFileType = sourcecode.swift; path = LoginNetwork.swift; sourceTree = "<group>"; };
		164E58A2209B63AD006757A5 /* GlobalValues.swift */ = {isa = PBXFileReference; lastKnownFileType = sourcecode.swift; path = GlobalValues.swift; sourceTree = "<group>"; };
		4A39CAE3DDE3B75FFA1732C5 /* Pods_VideoCoCreationUITests.framework */ = {isa = PBXFileReference; explicitFileType = wrapper.framework; includeInIndex = 0; path = Pods_VideoCoCreationUITests.framework; sourceTree = BUILT_PRODUCTS_DIR; };
		796DD95F721FFFA1B107128B /* Pods-VideoCoCreationTests.release.xcconfig */ = {isa = PBXFileReference; includeInIndex = 1; lastKnownFileType = text.xcconfig; name = "Pods-VideoCoCreationTests.release.xcconfig"; path = "Pods/Target Support Files/Pods-VideoCoCreationTests/Pods-VideoCoCreationTests.release.xcconfig"; sourceTree = "<group>"; };
		7BF31E548DD729FABBA349DC /* Pods_VideoCoCreation.framework */ = {isa = PBXFileReference; explicitFileType = wrapper.framework; includeInIndex = 0; path = Pods_VideoCoCreation.framework; sourceTree = BUILT_PRODUCTS_DIR; };
		8462C11D0795AC919C30F2DC /* Pods-VideoCoCreation.release.xcconfig */ = {isa = PBXFileReference; includeInIndex = 1; lastKnownFileType = text.xcconfig; name = "Pods-VideoCoCreation.release.xcconfig"; path = "Pods/Target Support Files/Pods-VideoCoCreation/Pods-VideoCoCreation.release.xcconfig"; sourceTree = "<group>"; };
		C846EF7E454A510E1BBE3970 /* Pods-VideoCoCreationTests.debug.xcconfig */ = {isa = PBXFileReference; includeInIndex = 1; lastKnownFileType = text.xcconfig; name = "Pods-VideoCoCreationTests.debug.xcconfig"; path = "Pods/Target Support Files/Pods-VideoCoCreationTests/Pods-VideoCoCreationTests.debug.xcconfig"; sourceTree = "<group>"; };
		CD51C4115F6E851F39E71BAF /* Pods-VideoCoCreation.debug.xcconfig */ = {isa = PBXFileReference; includeInIndex = 1; lastKnownFileType = text.xcconfig; name = "Pods-VideoCoCreation.debug.xcconfig"; path = "Pods/Target Support Files/Pods-VideoCoCreation/Pods-VideoCoCreation.debug.xcconfig"; sourceTree = "<group>"; };
		DBF12FC64974CA2504382FF5 /* Pods-VideoCoCreationUITests.debug.xcconfig */ = {isa = PBXFileReference; includeInIndex = 1; lastKnownFileType = text.xcconfig; name = "Pods-VideoCoCreationUITests.debug.xcconfig"; path = "Pods/Target Support Files/Pods-VideoCoCreationUITests/Pods-VideoCoCreationUITests.debug.xcconfig"; sourceTree = "<group>"; };
		F2674F5EDCBBC463F66AC0BE /* Pods_VideoCoCreationTests.framework */ = {isa = PBXFileReference; explicitFileType = wrapper.framework; includeInIndex = 0; path = Pods_VideoCoCreationTests.framework; sourceTree = BUILT_PRODUCTS_DIR; };
/* End PBXFileReference section */

/* Begin PBXFrameworksBuildPhase section */
		164E5864209B4E15006757A5 /* Frameworks */ = {
			isa = PBXFrameworksBuildPhase;
			buildActionMask = 2147483647;
			files = (
				16E556DE9CF01B9CCFD38D72 /* Pods_VideoCoCreation.framework in Frameworks */,
			);
			runOnlyForDeploymentPostprocessing = 0;
		};
		164E5878209B4E16006757A5 /* Frameworks */ = {
			isa = PBXFrameworksBuildPhase;
			buildActionMask = 2147483647;
			files = (
				AEAAADBA475DD2D44177F15A /* Pods_VideoCoCreationTests.framework in Frameworks */,
			);
			runOnlyForDeploymentPostprocessing = 0;
		};
		164E5883209B4E16006757A5 /* Frameworks */ = {
			isa = PBXFrameworksBuildPhase;
			buildActionMask = 2147483647;
			files = (
				1B27B8C4119B89DDB0A9E5EB /* Pods_VideoCoCreationUITests.framework in Frameworks */,
			);
			runOnlyForDeploymentPostprocessing = 0;
		};
/* End PBXFrameworksBuildPhase section */

/* Begin PBXGroup section */
		160F3162209B70FE0097DA53 /* Modal */ = {
			isa = PBXGroup;
			children = (
				164E58A2209B63AD006757A5 /* GlobalValues.swift */,
				160F316E209B74530097DA53 /* GeniusResource.swift */,
				160F3172209CDBE90097DA53 /* GeniusResourceDetail.swift */,
			);
			path = Modal;
			sourceTree = "<group>";
		};
		160F3163209B71090097DA53 /* View */ = {
			isa = PBXGroup;
			children = (
				160F3160209B68B70097DA53 /* Animation.swift */,
				160F3170209B9FA80097DA53 /* CoCreationView.swift */,
				164E589C209B59A8006757A5 /* MyVideosTableViewCell.swift */,
			);
			path = View;
			sourceTree = "<group>";
		};
		160F3164209B71140097DA53 /* Controller */ = {
			isa = PBXGroup;
			children = (
				164E589E209B5D11006757A5 /* LoginScreenViewController.swift */,
				164E586C209B4E15006757A5 /* MainTabBarController.swift */,
				164E5898209B5291006757A5 /* CreateVideoViewController.swift */,
				164E589A209B52A0006757A5 /* MyVideosViewController.swift */,
			);
			path = Controller;
			sourceTree = "<group>";
		};
		160F3165209B71280097DA53 /* Network */ = {
			isa = PBXGroup;
			children = (
				164E58A0209B6300006757A5 /* LoginNetwork.swift */,
				160F3166209B71AC0097DA53 /* RequestServer.swift */,
				160F3168209B72260097DA53 /* MyResourcesNetwork.swift */,
				160F316D209B73C60097DA53 /* JSON Serializer */,
			);
			path = Network;
			sourceTree = "<group>";
		};
		160F316D209B73C60097DA53 /* JSON Serializer */ = {
			isa = PBXGroup;
			children = (
				160F316B209B73BE0097DA53 /* MyResourcesService.swift */,
			);
			path = "JSON Serializer";
			sourceTree = "<group>";
		};
		164E585E209B4E15006757A5 = {
			isa = PBXGroup;
			children = (
				164E5869209B4E15006757A5 /* VideoCoCreation */,
				164E587E209B4E16006757A5 /* VideoCoCreationTests */,
				164E5889209B4E16006757A5 /* VideoCoCreationUITests */,
				164E5868209B4E15006757A5 /* Products */,
				75518F690CEEB99BDDDD9D23 /* Pods */,
				640975F9629CD8E7B095BE3B /* Frameworks */,
			);
			sourceTree = "<group>";
		};
		164E5868209B4E15006757A5 /* Products */ = {
			isa = PBXGroup;
			children = (
				164E5867209B4E15006757A5 /* VideoCoCreation.app */,
				164E587B209B4E16006757A5 /* VideoCoCreationTests.xctest */,
				164E5886209B4E16006757A5 /* VideoCoCreationUITests.xctest */,
			);
			name = Products;
			sourceTree = "<group>";
		};
		164E5869209B4E15006757A5 /* VideoCoCreation */ = {
			isa = PBXGroup;
			children = (
				164E586A209B4E15006757A5 /* AppDelegate.swift */,
				160F3165209B71280097DA53 /* Network */,
				160F3162209B70FE0097DA53 /* Modal */,
				160F3163209B71090097DA53 /* View */,
				160F3164209B71140097DA53 /* Controller */,
				164E5871209B4E16006757A5 /* Assets.xcassets */,
				164E586E209B4E15006757A5 /* Main.storyboard */,
				164E5873209B4E16006757A5 /* LaunchScreen.storyboard */,
				164E5876209B4E16006757A5 /* Info.plist */,
			);
			path = VideoCoCreation;
			sourceTree = "<group>";
		};
		164E587E209B4E16006757A5 /* VideoCoCreationTests */ = {
			isa = PBXGroup;
			children = (
				164E587F209B4E16006757A5 /* VideoCoCreationTests.swift */,
				164E5881209B4E16006757A5 /* Info.plist */,
			);
			path = VideoCoCreationTests;
			sourceTree = "<group>";
		};
		164E5889209B4E16006757A5 /* VideoCoCreationUITests */ = {
			isa = PBXGroup;
			children = (
				164E588A209B4E16006757A5 /* VideoCoCreationUITests.swift */,
				164E588C209B4E16006757A5 /* Info.plist */,
			);
			path = VideoCoCreationUITests;
			sourceTree = "<group>";
		};
		640975F9629CD8E7B095BE3B /* Frameworks */ = {
			isa = PBXGroup;
			children = (
				7BF31E548DD729FABBA349DC /* Pods_VideoCoCreation.framework */,
				F2674F5EDCBBC463F66AC0BE /* Pods_VideoCoCreationTests.framework */,
				4A39CAE3DDE3B75FFA1732C5 /* Pods_VideoCoCreationUITests.framework */,
			);
			name = Frameworks;
			sourceTree = "<group>";
		};
		75518F690CEEB99BDDDD9D23 /* Pods */ = {
			isa = PBXGroup;
			children = (
				CD51C4115F6E851F39E71BAF /* Pods-VideoCoCreation.debug.xcconfig */,
				8462C11D0795AC919C30F2DC /* Pods-VideoCoCreation.release.xcconfig */,
				C846EF7E454A510E1BBE3970 /* Pods-VideoCoCreationTests.debug.xcconfig */,
				796DD95F721FFFA1B107128B /* Pods-VideoCoCreationTests.release.xcconfig */,
				DBF12FC64974CA2504382FF5 /* Pods-VideoCoCreationUITests.debug.xcconfig */,
				008C300FB294426D2AECEA0E /* Pods-VideoCoCreationUITests.release.xcconfig */,
			);
			name = Pods;
			sourceTree = "<group>";
		};
/* End PBXGroup section */

/* Begin PBXNativeTarget section */
		164E5866209B4E15006757A5 /* VideoCoCreation */ = {
			isa = PBXNativeTarget;
			buildConfigurationList = 164E588F209B4E16006757A5 /* Build configuration list for PBXNativeTarget "VideoCoCreation" */;
			buildPhases = (
				4653678574AD235EAB060EBA /* [CP] Check Pods Manifest.lock */,
				164E5863209B4E15006757A5 /* Sources */,
				164E5864209B4E15006757A5 /* Frameworks */,
				164E5865209B4E15006757A5 /* Resources */,
				2F0A66AE11D9DA1D683F5CF6 /* [CP] Embed Pods Frameworks */,
			);
			buildRules = (
			);
			dependencies = (
			);
			name = VideoCoCreation;
			productName = VideoCoCreation;
			productReference = 164E5867209B4E15006757A5 /* VideoCoCreation.app */;
			productType = "com.apple.product-type.application";
		};
		164E587A209B4E16006757A5 /* VideoCoCreationTests */ = {
			isa = PBXNativeTarget;
			buildConfigurationList = 164E5892209B4E16006757A5 /* Build configuration list for PBXNativeTarget "VideoCoCreationTests" */;
			buildPhases = (
				270E14F223BAA00D3B9DCCF4 /* [CP] Check Pods Manifest.lock */,
				164E5877209B4E16006757A5 /* Sources */,
				164E5878209B4E16006757A5 /* Frameworks */,
				164E5879209B4E16006757A5 /* Resources */,
			);
			buildRules = (
			);
			dependencies = (
				164E587D209B4E16006757A5 /* PBXTargetDependency */,
			);
			name = VideoCoCreationTests;
			productName = VideoCoCreationTests;
			productReference = 164E587B209B4E16006757A5 /* VideoCoCreationTests.xctest */;
			productType = "com.apple.product-type.bundle.unit-test";
		};
		164E5885209B4E16006757A5 /* VideoCoCreationUITests */ = {
			isa = PBXNativeTarget;
			buildConfigurationList = 164E5895209B4E16006757A5 /* Build configuration list for PBXNativeTarget "VideoCoCreationUITests" */;
			buildPhases = (
				1A78740096B59FAD792F91E2 /* [CP] Check Pods Manifest.lock */,
				164E5882209B4E16006757A5 /* Sources */,
				164E5883209B4E16006757A5 /* Frameworks */,
				164E5884209B4E16006757A5 /* Resources */,
			);
			buildRules = (
			);
			dependencies = (
				164E5888209B4E16006757A5 /* PBXTargetDependency */,
			);
			name = VideoCoCreationUITests;
			productName = VideoCoCreationUITests;
			productReference = 164E5886209B4E16006757A5 /* VideoCoCreationUITests.xctest */;
			productType = "com.apple.product-type.bundle.ui-testing";
		};
/* End PBXNativeTarget section */

/* Begin PBXProject section */
		164E585F209B4E15006757A5 /* Project object */ = {
			isa = PBXProject;
			attributes = {
				LastSwiftUpdateCheck = 0930;
				LastUpgradeCheck = 0930;
				ORGANIZATIONNAME = "Susan Zheng";
				TargetAttributes = {
					164E5866209B4E15006757A5 = {
						CreatedOnToolsVersion = 9.3;
					};
					164E587A209B4E16006757A5 = {
						CreatedOnToolsVersion = 9.3;
						TestTargetID = 164E5866209B4E15006757A5;
					};
					164E5885209B4E16006757A5 = {
						CreatedOnToolsVersion = 9.3;
						TestTargetID = 164E5866209B4E15006757A5;
					};
				};
			};
			buildConfigurationList = 164E5862209B4E15006757A5 /* Build configuration list for PBXProject "VideoCoCreation" */;
			compatibilityVersion = "Xcode 9.3";
			developmentRegion = en;
			hasScannedForEncodings = 0;
			knownRegions = (
				en,
				Base,
			);
			mainGroup = 164E585E209B4E15006757A5;
			productRefGroup = 164E5868209B4E15006757A5 /* Products */;
			projectDirPath = "";
			projectRoot = "";
			targets = (
				164E5866209B4E15006757A5 /* VideoCoCreation */,
				164E587A209B4E16006757A5 /* VideoCoCreationTests */,
				164E5885209B4E16006757A5 /* VideoCoCreationUITests */,
			);
		};
/* End PBXProject section */

/* Begin PBXResourcesBuildPhase section */
		164E5865209B4E15006757A5 /* Resources */ = {
			isa = PBXResourcesBuildPhase;
			buildActionMask = 2147483647;
			files = (
				164E5875209B4E16006757A5 /* LaunchScreen.storyboard in Resources */,
				164E5872209B4E16006757A5 /* Assets.xcassets in Resources */,
				164E5870209B4E15006757A5 /* Main.storyboard in Resources */,
			);
			runOnlyForDeploymentPostprocessing = 0;
		};
		164E5879209B4E16006757A5 /* Resources */ = {
			isa = PBXResourcesBuildPhase;
			buildActionMask = 2147483647;
			files = (
			);
			runOnlyForDeploymentPostprocessing = 0;
		};
		164E5884209B4E16006757A5 /* Resources */ = {
			isa = PBXResourcesBuildPhase;
			buildActionMask = 2147483647;
			files = (
			);
			runOnlyForDeploymentPostprocessing = 0;
		};
/* End PBXResourcesBuildPhase section */

/* Begin PBXShellScriptBuildPhase section */
		1A78740096B59FAD792F91E2 /* [CP] Check Pods Manifest.lock */ = {
			isa = PBXShellScriptBuildPhase;
			buildActionMask = 2147483647;
			files = (
			);
			inputPaths = (
				"${PODS_PODFILE_DIR_PATH}/Podfile.lock",
				"${PODS_ROOT}/Manifest.lock",
			);
			name = "[CP] Check Pods Manifest.lock";
			outputPaths = (
				"$(DERIVED_FILE_DIR)/Pods-VideoCoCreationUITests-checkManifestLockResult.txt",
			);
			runOnlyForDeploymentPostprocessing = 0;
			shellPath = /bin/sh;
			shellScript = "diff \"${PODS_PODFILE_DIR_PATH}/Podfile.lock\" \"${PODS_ROOT}/Manifest.lock\" > /dev/null\nif [ $? != 0 ] ; then\n    # print error to STDERR\n    echo \"error: The sandbox is not in sync with the Podfile.lock. Run 'pod install' or update your CocoaPods installation.\" >&2\n    exit 1\nfi\n# This output is used by Xcode 'outputs' to avoid re-running this script phase.\necho \"SUCCESS\" > \"${SCRIPT_OUTPUT_FILE_0}\"\n";
			showEnvVarsInLog = 0;
		};
		270E14F223BAA00D3B9DCCF4 /* [CP] Check Pods Manifest.lock */ = {
			isa = PBXShellScriptBuildPhase;
			buildActionMask = 2147483647;
			files = (
			);
			inputPaths = (
				"${PODS_PODFILE_DIR_PATH}/Podfile.lock",
				"${PODS_ROOT}/Manifest.lock",
			);
			name = "[CP] Check Pods Manifest.lock";
			outputPaths = (
				"$(DERIVED_FILE_DIR)/Pods-VideoCoCreationTests-checkManifestLockResult.txt",
			);
			runOnlyForDeploymentPostprocessing = 0;
			shellPath = /bin/sh;
			shellScript = "diff \"${PODS_PODFILE_DIR_PATH}/Podfile.lock\" \"${PODS_ROOT}/Manifest.lock\" > /dev/null\nif [ $? != 0 ] ; then\n    # print error to STDERR\n    echo \"error: The sandbox is not in sync with the Podfile.lock. Run 'pod install' or update your CocoaPods installation.\" >&2\n    exit 1\nfi\n# This output is used by Xcode 'outputs' to avoid re-running this script phase.\necho \"SUCCESS\" > \"${SCRIPT_OUTPUT_FILE_0}\"\n";
			showEnvVarsInLog = 0;
		};
		2F0A66AE11D9DA1D683F5CF6 /* [CP] Embed Pods Frameworks */ = {
			isa = PBXShellScriptBuildPhase;
			buildActionMask = 2147483647;
			files = (
			);
			inputPaths = (
				"${SRCROOT}/Pods/Target Support Files/Pods-VideoCoCreation/Pods-VideoCoCreation-frameworks.sh",
				"${BUILT_PRODUCTS_DIR}/Alamofire/Alamofire.framework",
				"${BUILT_PRODUCTS_DIR}/IQKeyboardManagerSwift/IQKeyboardManagerSwift.framework",
				"${BUILT_PRODUCTS_DIR}/KeychainSwift/KeychainSwift.framework",
				"${BUILT_PRODUCTS_DIR}/SDWebImage/SDWebImage.framework",
			);
			name = "[CP] Embed Pods Frameworks";
			outputPaths = (
				"${TARGET_BUILD_DIR}/${FRAMEWORKS_FOLDER_PATH}/Alamofire.framework",
				"${TARGET_BUILD_DIR}/${FRAMEWORKS_FOLDER_PATH}/IQKeyboardManagerSwift.framework",
				"${TARGET_BUILD_DIR}/${FRAMEWORKS_FOLDER_PATH}/KeychainSwift.framework",
				"${TARGET_BUILD_DIR}/${FRAMEWORKS_FOLDER_PATH}/SDWebImage.framework",
			);
			runOnlyForDeploymentPostprocessing = 0;
			shellPath = /bin/sh;
			shellScript = "\"${SRCROOT}/Pods/Target Support Files/Pods-VideoCoCreation/Pods-VideoCoCreation-frameworks.sh\"\n";
			showEnvVarsInLog = 0;
		};
		4653678574AD235EAB060EBA /* [CP] Check Pods Manifest.lock */ = {
			isa = PBXShellScriptBuildPhase;
			buildActionMask = 2147483647;
			files = (
			);
			inputPaths = (
				"${PODS_PODFILE_DIR_PATH}/Podfile.lock",
				"${PODS_ROOT}/Manifest.lock",
			);
			name = "[CP] Check Pods Manifest.lock";
			outputPaths = (
				"$(DERIVED_FILE_DIR)/Pods-VideoCoCreation-checkManifestLockResult.txt",
			);
			runOnlyForDeploymentPostprocessing = 0;
			shellPath = /bin/sh;
			shellScript = "diff \"${PODS_PODFILE_DIR_PATH}/Podfile.lock\" \"${PODS_ROOT}/Manifest.lock\" > /dev/null\nif [ $? != 0 ] ; then\n    # print error to STDERR\n    echo \"error: The sandbox is not in sync with the Podfile.lock. Run 'pod install' or update your CocoaPods installation.\" >&2\n    exit 1\nfi\n# This output is used by Xcode 'outputs' to avoid re-running this script phase.\necho \"SUCCESS\" > \"${SCRIPT_OUTPUT_FILE_0}\"\n";
			showEnvVarsInLog = 0;
		};
/* End PBXShellScriptBuildPhase section */

/* Begin PBXSourcesBuildPhase section */
		164E5863209B4E15006757A5 /* Sources */ = {
			isa = PBXSourcesBuildPhase;
			buildActionMask = 2147483647;
			files = (
				164E586D209B4E15006757A5 /* MainTabBarController.swift in Sources */,
				164E589D209B59A8006757A5 /* MyVideosTableViewCell.swift in Sources */,
				164E58A1209B6300006757A5 /* LoginNetwork.swift in Sources */,
				160F3171209B9FA80097DA53 /* CoCreationView.swift in Sources */,
				164E589F209B5D11006757A5 /* LoginScreenViewController.swift in Sources */,
				160F3167209B71AC0097DA53 /* RequestServer.swift in Sources */,
				160F316C209B73BE0097DA53 /* MyResourcesService.swift in Sources */,
				164E5899209B5291006757A5 /* CreateVideoViewController.swift in Sources */,
				164E589B209B52A0006757A5 /* MyVideosViewController.swift in Sources */,
				160F3173209CDBE90097DA53 /* GeniusResourceDetail.swift in Sources */,
				160F3169209B72260097DA53 /* MyResourcesNetwork.swift in Sources */,
				164E58A3209B63AD006757A5 /* GlobalValues.swift in Sources */,
				160F316F209B74530097DA53 /* GeniusResource.swift in Sources */,
				160F3161209B68B70097DA53 /* Animation.swift in Sources */,
				164E586B209B4E15006757A5 /* AppDelegate.swift in Sources */,
			);
			runOnlyForDeploymentPostprocessing = 0;
		};
		164E5877209B4E16006757A5 /* Sources */ = {
			isa = PBXSourcesBuildPhase;
			buildActionMask = 2147483647;
			files = (
				164E5880209B4E16006757A5 /* VideoCoCreationTests.swift in Sources */,
			);
			runOnlyForDeploymentPostprocessing = 0;
		};
		164E5882209B4E16006757A5 /* Sources */ = {
			isa = PBXSourcesBuildPhase;
			buildActionMask = 2147483647;
			files = (
				164E588B209B4E16006757A5 /* VideoCoCreationUITests.swift in Sources */,
			);
			runOnlyForDeploymentPostprocessing = 0;
		};
/* End PBXSourcesBuildPhase section */

/* Begin PBXTargetDependency section */
		164E587D209B4E16006757A5 /* PBXTargetDependency */ = {
			isa = PBXTargetDependency;
			target = 164E5866209B4E15006757A5 /* VideoCoCreation */;
			targetProxy = 164E587C209B4E16006757A5 /* PBXContainerItemProxy */;
		};
		164E5888209B4E16006757A5 /* PBXTargetDependency */ = {
			isa = PBXTargetDependency;
			target = 164E5866209B4E15006757A5 /* VideoCoCreation */;
			targetProxy = 164E5887209B4E16006757A5 /* PBXContainerItemProxy */;
		};
/* End PBXTargetDependency section */

/* Begin PBXVariantGroup section */
		164E586E209B4E15006757A5 /* Main.storyboard */ = {
			isa = PBXVariantGroup;
			children = (
				164E586F209B4E15006757A5 /* Base */,
			);
			name = Main.storyboard;
			sourceTree = "<group>";
		};
		164E5873209B4E16006757A5 /* LaunchScreen.storyboard */ = {
			isa = PBXVariantGroup;
			children = (
				164E5874209B4E16006757A5 /* Base */,
			);
			name = LaunchScreen.storyboard;
			sourceTree = "<group>";
		};
/* End PBXVariantGroup section */

/* Begin XCBuildConfiguration section */
		164E588D209B4E16006757A5 /* Debug */ = {
			isa = XCBuildConfiguration;
			buildSettings = {
				ALWAYS_SEARCH_USER_PATHS = NO;
				CLANG_ANALYZER_NONNULL = YES;
				CLANG_ANALYZER_NUMBER_OBJECT_CONVERSION = YES_AGGRESSIVE;
				CLANG_CXX_LANGUAGE_STANDARD = "gnu++14";
				CLANG_CXX_LIBRARY = "libc++";
				CLANG_ENABLE_MODULES = YES;
				CLANG_ENABLE_OBJC_ARC = YES;
				CLANG_ENABLE_OBJC_WEAK = YES;
				CLANG_WARN_BLOCK_CAPTURE_AUTORELEASING = YES;
				CLANG_WARN_BOOL_CONVERSION = YES;
				CLANG_WARN_COMMA = YES;
				CLANG_WARN_CONSTANT_CONVERSION = YES;
				CLANG_WARN_DEPRECATED_OBJC_IMPLEMENTATIONS = YES;
				CLANG_WARN_DIRECT_OBJC_ISA_USAGE = YES_ERROR;
				CLANG_WARN_DOCUMENTATION_COMMENTS = YES;
				CLANG_WARN_EMPTY_BODY = YES;
				CLANG_WARN_ENUM_CONVERSION = YES;
				CLANG_WARN_INFINITE_RECURSION = YES;
				CLANG_WARN_INT_CONVERSION = YES;
				CLANG_WARN_NON_LITERAL_NULL_CONVERSION = YES;
				CLANG_WARN_OBJC_IMPLICIT_RETAIN_SELF = YES;
				CLANG_WARN_OBJC_LITERAL_CONVERSION = YES;
				CLANG_WARN_OBJC_ROOT_CLASS = YES_ERROR;
				CLANG_WARN_RANGE_LOOP_ANALYSIS = YES;
				CLANG_WARN_STRICT_PROTOTYPES = YES;
				CLANG_WARN_SUSPICIOUS_MOVE = YES;
				CLANG_WARN_UNGUARDED_AVAILABILITY = YES_AGGRESSIVE;
				CLANG_WARN_UNREACHABLE_CODE = YES;
				CLANG_WARN__DUPLICATE_METHOD_MATCH = YES;
				CODE_SIGN_IDENTITY = "iPhone Developer";
				COPY_PHASE_STRIP = NO;
				DEBUG_INFORMATION_FORMAT = dwarf;
				ENABLE_STRICT_OBJC_MSGSEND = YES;
				ENABLE_TESTABILITY = YES;
				GCC_C_LANGUAGE_STANDARD = gnu11;
				GCC_DYNAMIC_NO_PIC = NO;
				GCC_NO_COMMON_BLOCKS = YES;
				GCC_OPTIMIZATION_LEVEL = 0;
				GCC_PREPROCESSOR_DEFINITIONS = (
					"DEBUG=1",
					"$(inherited)",
				);
				GCC_WARN_64_TO_32_BIT_CONVERSION = YES;
				GCC_WARN_ABOUT_RETURN_TYPE = YES_ERROR;
				GCC_WARN_UNDECLARED_SELECTOR = YES;
				GCC_WARN_UNINITIALIZED_AUTOS = YES_AGGRESSIVE;
				GCC_WARN_UNUSED_FUNCTION = YES;
				GCC_WARN_UNUSED_VARIABLE = YES;
				IPHONEOS_DEPLOYMENT_TARGET = 11.3;
				MTL_ENABLE_DEBUG_INFO = YES;
				ONLY_ACTIVE_ARCH = YES;
				SDKROOT = iphoneos;
				SWIFT_ACTIVE_COMPILATION_CONDITIONS = DEBUG;
				SWIFT_OPTIMIZATION_LEVEL = "-Onone";
			};
			name = Debug;
		};
		164E588E209B4E16006757A5 /* Release */ = {
			isa = XCBuildConfiguration;
			buildSettings = {
				ALWAYS_SEARCH_USER_PATHS = NO;
				CLANG_ANALYZER_NONNULL = YES;
				CLANG_ANALYZER_NUMBER_OBJECT_CONVERSION = YES_AGGRESSIVE;
				CLANG_CXX_LANGUAGE_STANDARD = "gnu++14";
				CLANG_CXX_LIBRARY = "libc++";
				CLANG_ENABLE_MODULES = YES;
				CLANG_ENABLE_OBJC_ARC = YES;
				CLANG_ENABLE_OBJC_WEAK = YES;
				CLANG_WARN_BLOCK_CAPTURE_AUTORELEASING = YES;
				CLANG_WARN_BOOL_CONVERSION = YES;
				CLANG_WARN_COMMA = YES;
				CLANG_WARN_CONSTANT_CONVERSION = YES;
				CLANG_WARN_DEPRECATED_OBJC_IMPLEMENTATIONS = YES;
				CLANG_WARN_DIRECT_OBJC_ISA_USAGE = YES_ERROR;
				CLANG_WARN_DOCUMENTATION_COMMENTS = YES;
				CLANG_WARN_EMPTY_BODY = YES;
				CLANG_WARN_ENUM_CONVERSION = YES;
				CLANG_WARN_INFINITE_RECURSION = YES;
				CLANG_WARN_INT_CONVERSION = YES;
				CLANG_WARN_NON_LITERAL_NULL_CONVERSION = YES;
				CLANG_WARN_OBJC_IMPLICIT_RETAIN_SELF = YES;
				CLANG_WARN_OBJC_LITERAL_CONVERSION = YES;
				CLANG_WARN_OBJC_ROOT_CLASS = YES_ERROR;
				CLANG_WARN_RANGE_LOOP_ANALYSIS = YES;
				CLANG_WARN_STRICT_PROTOTYPES = YES;
				CLANG_WARN_SUSPICIOUS_MOVE = YES;
				CLANG_WARN_UNGUARDED_AVAILABILITY = YES_AGGRESSIVE;
				CLANG_WARN_UNREACHABLE_CODE = YES;
				CLANG_WARN__DUPLICATE_METHOD_MATCH = YES;
				CODE_SIGN_IDENTITY = "iPhone Developer";
				COPY_PHASE_STRIP = NO;
				DEBUG_INFORMATION_FORMAT = "dwarf-with-dsym";
				ENABLE_NS_ASSERTIONS = NO;
				ENABLE_STRICT_OBJC_MSGSEND = YES;
				GCC_C_LANGUAGE_STANDARD = gnu11;
				GCC_NO_COMMON_BLOCKS = YES;
				GCC_WARN_64_TO_32_BIT_CONVERSION = YES;
				GCC_WARN_ABOUT_RETURN_TYPE = YES_ERROR;
				GCC_WARN_UNDECLARED_SELECTOR = YES;
				GCC_WARN_UNINITIALIZED_AUTOS = YES_AGGRESSIVE;
				GCC_WARN_UNUSED_FUNCTION = YES;
				GCC_WARN_UNUSED_VARIABLE = YES;
				IPHONEOS_DEPLOYMENT_TARGET = 11.3;
				MTL_ENABLE_DEBUG_INFO = NO;
				SDKROOT = iphoneos;
				SWIFT_COMPILATION_MODE = wholemodule;
				SWIFT_OPTIMIZATION_LEVEL = "-O";
				VALIDATE_PRODUCT = YES;
			};
			name = Release;
		};
		164E5890209B4E16006757A5 /* Debug */ = {
			isa = XCBuildConfiguration;
			baseConfigurationReference = CD51C4115F6E851F39E71BAF /* Pods-VideoCoCreation.debug.xcconfig */;
			buildSettings = {
				ASSETCATALOG_COMPILER_APPICON_NAME = AppIcon;
				CODE_SIGN_STYLE = Automatic;
				DEVELOPMENT_TEAM = KZ34P34W9B;
				INFOPLIST_FILE = VideoCoCreation/Info.plist;
				IPHONEOS_DEPLOYMENT_TARGET = 11.3;
				LD_RUNPATH_SEARCH_PATHS = (
					"$(inherited)",
					"@executable_path/Frameworks",
				);
				PRODUCT_BUNDLE_IDENTIFIER = com.geniusplaza.VideoCoCreation;
				PRODUCT_NAME = "$(TARGET_NAME)";
				SWIFT_VERSION = 4.0;
				TARGETED_DEVICE_FAMILY = "1,2";
			};
			name = Debug;
		};
		164E5891209B4E16006757A5 /* Release */ = {
			isa = XCBuildConfiguration;
			baseConfigurationReference = 8462C11D0795AC919C30F2DC /* Pods-VideoCoCreation.release.xcconfig */;
			buildSettings = {
				ASSETCATALOG_COMPILER_APPICON_NAME = AppIcon;
				CODE_SIGN_STYLE = Automatic;
				DEVELOPMENT_TEAM = KZ34P34W9B;
				INFOPLIST_FILE = VideoCoCreation/Info.plist;
				IPHONEOS_DEPLOYMENT_TARGET = 11.3;
				LD_RUNPATH_SEARCH_PATHS = (
					"$(inherited)",
					"@executable_path/Frameworks",
				);
				PRODUCT_BUNDLE_IDENTIFIER = com.geniusplaza.VideoCoCreation;
				PRODUCT_NAME = "$(TARGET_NAME)";
				SWIFT_VERSION = 4.0;
				TARGETED_DEVICE_FAMILY = "1,2";
			};
			name = Release;
		};
		164E5893209B4E16006757A5 /* Debug */ = {
			isa = XCBuildConfiguration;
			baseConfigurationReference = C846EF7E454A510E1BBE3970 /* Pods-VideoCoCreationTests.debug.xcconfig */;
			buildSettings = {
				ALWAYS_EMBED_SWIFT_STANDARD_LIBRARIES = YES;
				BUNDLE_LOADER = "$(TEST_HOST)";
				CODE_SIGN_STYLE = Automatic;
				DEVELOPMENT_TEAM = KZ34P34W9B;
				INFOPLIST_FILE = VideoCoCreationTests/Info.plist;
				LD_RUNPATH_SEARCH_PATHS = (
					"$(inherited)",
					"@executable_path/Frameworks",
					"@loader_path/Frameworks",
				);
				PRODUCT_BUNDLE_IDENTIFIER = com.geniusplaza.VideoCoCreationTests;
				PRODUCT_NAME = "$(TARGET_NAME)";
				SWIFT_VERSION = 4.0;
				TARGETED_DEVICE_FAMILY = "1,2";
				TEST_HOST = "$(BUILT_PRODUCTS_DIR)/VideoCoCreation.app/VideoCoCreation";
			};
			name = Debug;
		};
		164E5894209B4E16006757A5 /* Release */ = {
			isa = XCBuildConfiguration;
			baseConfigurationReference = 796DD95F721FFFA1B107128B /* Pods-VideoCoCreationTests.release.xcconfig */;
			buildSettings = {
				ALWAYS_EMBED_SWIFT_STANDARD_LIBRARIES = YES;
				BUNDLE_LOADER = "$(TEST_HOST)";
				CODE_SIGN_STYLE = Automatic;
				DEVELOPMENT_TEAM = KZ34P34W9B;
				INFOPLIST_FILE = VideoCoCreationTests/Info.plist;
				LD_RUNPATH_SEARCH_PATHS = (
					"$(inherited)",
					"@executable_path/Frameworks",
					"@loader_path/Frameworks",
				);
				PRODUCT_BUNDLE_IDENTIFIER = com.geniusplaza.VideoCoCreationTests;
				PRODUCT_NAME = "$(TARGET_NAME)";
				SWIFT_VERSION = 4.0;
				TARGETED_DEVICE_FAMILY = "1,2";
				TEST_HOST = "$(BUILT_PRODUCTS_DIR)/VideoCoCreation.app/VideoCoCreation";
			};
			name = Release;
		};
		164E5896209B4E16006757A5 /* Debug */ = {
			isa = XCBuildConfiguration;
			baseConfigurationReference = DBF12FC64974CA2504382FF5 /* Pods-VideoCoCreationUITests.debug.xcconfig */;
			buildSettings = {
				ALWAYS_EMBED_SWIFT_STANDARD_LIBRARIES = YES;
				CODE_SIGN_STYLE = Automatic;
				DEVELOPMENT_TEAM = KZ34P34W9B;
				INFOPLIST_FILE = VideoCoCreationUITests/Info.plist;
				LD_RUNPATH_SEARCH_PATHS = (
					"$(inherited)",
					"@executable_path/Frameworks",
					"@loader_path/Frameworks",
				);
				PRODUCT_BUNDLE_IDENTIFIER = com.geniusplaza.VideoCoCreationUITests;
				PRODUCT_NAME = "$(TARGET_NAME)";
				SWIFT_VERSION = 4.0;
				TARGETED_DEVICE_FAMILY = "1,2";
				TEST_TARGET_NAME = VideoCoCreation;
			};
			name = Debug;
		};
		164E5897209B4E16006757A5 /* Release */ = {
			isa = XCBuildConfiguration;
			baseConfigurationReference = 008C300FB294426D2AECEA0E /* Pods-VideoCoCreationUITests.release.xcconfig */;
			buildSettings = {
				ALWAYS_EMBED_SWIFT_STANDARD_LIBRARIES = YES;
				CODE_SIGN_STYLE = Automatic;
				DEVELOPMENT_TEAM = KZ34P34W9B;
				INFOPLIST_FILE = VideoCoCreationUITests/Info.plist;
				LD_RUNPATH_SEARCH_PATHS = (
					"$(inherited)",
					"@executable_path/Frameworks",
					"@loader_path/Frameworks",
				);
				PRODUCT_BUNDLE_IDENTIFIER = com.geniusplaza.VideoCoCreationUITests;
				PRODUCT_NAME = "$(TARGET_NAME)";
				SWIFT_VERSION = 4.0;
				TARGETED_DEVICE_FAMILY = "1,2";
				TEST_TARGET_NAME = VideoCoCreation;
			};
			name = Release;
		};
/* End XCBuildConfiguration section */

/* Begin XCConfigurationList section */
		164E5862209B4E15006757A5 /* Build configuration list for PBXProject "VideoCoCreation" */ = {
			isa = XCConfigurationList;
			buildConfigurations = (
				164E588D209B4E16006757A5 /* Debug */,
				164E588E209B4E16006757A5 /* Release */,
			);
			defaultConfigurationIsVisible = 0;
			defaultConfigurationName = Release;
		};
		164E588F209B4E16006757A5 /* Build configuration list for PBXNativeTarget "VideoCoCreation" */ = {
			isa = XCConfigurationList;
			buildConfigurations = (
				164E5890209B4E16006757A5 /* Debug */,
				164E5891209B4E16006757A5 /* Release */,
			);
			defaultConfigurationIsVisible = 0;
			defaultConfigurationName = Release;
		};
		164E5892209B4E16006757A5 /* Build configuration list for PBXNativeTarget "VideoCoCreationTests" */ = {
			isa = XCConfigurationList;
			buildConfigurations = (
				164E5893209B4E16006757A5 /* Debug */,
				164E5894209B4E16006757A5 /* Release */,
			);
			defaultConfigurationIsVisible = 0;
			defaultConfigurationName = Release;
		};
		164E5895209B4E16006757A5 /* Build configuration list for PBXNativeTarget "VideoCoCreationUITests" */ = {
			isa = XCConfigurationList;
			buildConfigurations = (
				164E5896209B4E16006757A5 /* Debug */,
				164E5897209B4E16006757A5 /* Release */,
			);
			defaultConfigurationIsVisible = 0;
			defaultConfigurationName = Release;
		};
/* End XCConfigurationList section */
	};
	rootObject = 164E585F209B4E15006757A5 /* Project object */;
}
